
Microsoft Visual Studio Solution File, Format Version 12.00
# Visual Studio Version 17
VisualStudioVersion = 17.4.33403.182
MinimumVisualStudioVersion = 10.0.40219.1
Project("{8BC9CEB8-8B4A-11D0-8D11-00A0C91BC942}") = "DIM_Sharma_Simple_Game_2", "DIM_Sharma_Simple_Game_2\DIM_Sharma_Simple_Game_2.vcxproj", "{377993E8-2A6F-4B1A-8009-357EFCA79313}"
EndProject
Global
	GlobalSection(SolutionConfigurationPlatforms) = preSolution
		Debug|x64 = Debug|x64
		Debug|x86 = Debug|x86
		Release|x64 = Release|x64
		Release|x86 = Release|x86
	EndGlobalSection
	GlobalSection(ProjectConfigurationPlatforms) = postSolution
		{377993E8-2A6F-4B1A-8009-357EFCA79313}.Debug|x64.ActiveCfg = Debug|x64
		{377993E8-2A6F-4B1A-8009-357EFCA79313}.Debug|x64.Build.0 = Debug|x64
		{377993E8-2A6F-4B1A-8009-357EFCA79313}.Debug|x86.ActiveCfg = Debug|Win32
		{377993E8-2A6F-4B1A-8009-357EFCA79313}.Debug|x86.Build.0 = Debug|Win32
		{377993E8-2A6F-4B1A-8009-357EFCA79313}.Release|x64.ActiveCfg = Release|x64
		{377993E8-2A6F-4B1A-8009-357EFCA79313}.Release|x64.Build.0 = Release|x64
		{377993E8-2A6F-4B1A-8009-357EFCA79313}.Release|x86.ActiveCfg = Release|Win32
		{377993E8-2A6F-4B1A-8009-357EFCA79313}.Release|x86.Build.0 = Release|Win32
	EndGlobalSection
	GlobalSection(SolutionProperties) = preSolution
		HideSolutionNode = FALSE
	EndGlobalSection
	GlobalSection(ExtensibilityGlobals) = postSolution
		SolutionGuid = {AD80DB59-48F2-4F1A-BA13-5BE9D2A04D8B}
	EndGlobalSection
EndGlobal
