
Microsoft Visual Studio Solution File, Format Version 12.00
# Visual Studio Version 17
VisualStudioVersion = 17.4.33403.182
MinimumVisualStudioVersion = 10.0.40219.1
Project("{8BC9CEB8-8B4A-11D0-8D11-00A0C91BC942}") = "Flying_rocket", "Flying_rocket\Flying_rocket.vcxproj", "{E628C017-892A-4803-A086-D8363582FA3A}"
EndProject
Global
	GlobalSection(SolutionConfigurationPlatforms) = preSolution
		Debug|x64 = Debug|x64
		Debug|x86 = Debug|x86
		Release|x64 = Release|x64
		Release|x86 = Release|x86
	EndGlobalSection
	GlobalSection(ProjectConfigurationPlatforms) = postSolution
		{E628C017-892A-4803-A086-D8363582FA3A}.Debug|x64.ActiveCfg = Debug|x64
		{E628C017-892A-4803-A086-D8363582FA3A}.Debug|x64.Build.0 = Debug|x64
		{E628C017-892A-4803-A086-D8363582FA3A}.Debug|x86.ActiveCfg = Debug|Win32
		{E628C017-892A-4803-A086-D8363582FA3A}.Debug|x86.Build.0 = Debug|Win32
		{E628C017-892A-4803-A086-D8363582FA3A}.Release|x64.ActiveCfg = Release|x64
		{E628C017-892A-4803-A086-D8363582FA3A}.Release|x64.Build.0 = Release|x64
		{E628C017-892A-4803-A086-D8363582FA3A}.Release|x86.ActiveCfg = Release|Win32
		{E628C017-892A-4803-A086-D8363582FA3A}.Release|x86.Build.0 = Release|Win32
	EndGlobalSection
	GlobalSection(SolutionProperties) = preSolution
		HideSolutionNode = FALSE
	EndGlobalSection
	GlobalSection(ExtensibilityGlobals) = postSolution
		SolutionGuid = {2EDFF60E-1A74-4435-8AE8-7C7F3F037F60}
	EndGlobalSection
EndGlobal
